
Microsoft Visual Studio Solution File, Format Version 12.00
# Visual Studio Version 16
VisualStudioVersion = 16.0.30907.101
MinimumVisualStudioVersion = 15.0.26124.0
Project("{9A19103F-16F7-4668-BE54-9A1E7A4F7556}") = "CBMerch", "CBMerch\CBMerch.csproj", "{73AFA198-5C16-454D-9FE1-1997F771EAE6}"
EndProject
Project("{9A19103F-16F7-4668-BE54-9A1E7A4F7556}") = "CBMerch.Tests", "CBMerch.Tests\CBMerch.Tests.csproj", "{A2EDFE77-C76D-44AF-95E1-48087F63FA00}"
EndProject
Global
	GlobalSection(SolutionConfigurationPlatforms) = preSolution
		Debug|Any CPU = Debug|Any CPU
		Debug|x64 = Debug|x64
		Debug|x86 = Debug|x86
		Release|Any CPU = Release|Any CPU
		Release|x64 = Release|x64
		Release|x86 = Release|x86
	EndGlobalSection
	GlobalSection(ProjectConfigurationPlatforms) = postSolution
		{73AFA198-5C16-454D-9FE1-1997F771EAE6}.Debug|Any CPU.ActiveCfg = Debug|Any CPU
		{73AFA198-5C16-454D-9FE1-1997F771EAE6}.Debug|Any CPU.Build.0 = Debug|Any CPU
		{73AFA198-5C16-454D-9FE1-1997F771EAE6}.Debug|x64.ActiveCfg = Debug|Any CPU
		{73AFA198-5C16-454D-9FE1-1997F771EAE6}.Debug|x64.Build.0 = Debug|Any CPU
		{73AFA198-5C16-454D-9FE1-1997F771EAE6}.Debug|x86.ActiveCfg = Debug|Any CPU
		{73AFA198-5C16-454D-9FE1-1997F771EAE6}.Debug|x86.Build.0 = Debug|Any CPU
		{73AFA198-5C16-454D-9FE1-1997F771EAE6}.Release|Any CPU.ActiveCfg = Release|Any CPU
		{73AFA198-5C16-454D-9FE1-1997F771EAE6}.Release|Any CPU.Build.0 = Release|Any CPU
		{73AFA198-5C16-454D-9FE1-1997F771EAE6}.Release|x64.ActiveCfg = Release|Any CPU
		{73AFA198-5C16-454D-9FE1-1997F771EAE6}.Release|x64.Build.0 = Release|Any CPU
		{73AFA198-5C16-454D-9FE1-1997F771EAE6}.Release|x86.ActiveCfg = Release|Any CPU
		{73AFA198-5C16-454D-9FE1-1997F771EAE6}.Release|x86.Build.0 = Release|Any CPU
		{A2EDFE77-C76D-44AF-95E1-48087F63FA00}.Debug|Any CPU.ActiveCfg = Debug|Any CPU
		{A2EDFE77-C76D-44AF-95E1-48087F63FA00}.Debug|Any CPU.Build.0 = Debug|Any CPU
		{A2EDFE77-C76D-44AF-95E1-48087F63FA00}.Debug|x64.ActiveCfg = Debug|Any CPU
		{A2EDFE77-C76D-44AF-95E1-48087F63FA00}.Debug|x64.Build.0 = Debug|Any CPU
		{A2EDFE77-C76D-44AF-95E1-48087F63FA00}.Debug|x86.ActiveCfg = Debug|Any CPU
		{A2EDFE77-C76D-44AF-95E1-48087F63FA00}.Debug|x86.Build.0 = Debug|Any CPU
		{A2EDFE77-C76D-44AF-95E1-48087F63FA00}.Release|Any CPU.ActiveCfg = Release|Any CPU
		{A2EDFE77-C76D-44AF-95E1-48087F63FA00}.Release|Any CPU.Build.0 = Release|Any CPU
		{A2EDFE77-C76D-44AF-95E1-48087F63FA00}.Release|x64.ActiveCfg = Release|Any CPU
		{A2EDFE77-C76D-44AF-95E1-48087F63FA00}.Release|x64.Build.0 = Release|Any CPU
		{A2EDFE77-C76D-44AF-95E1-48087F63FA00}.Release|x86.ActiveCfg = Release|Any CPU
		{A2EDFE77-C76D-44AF-95E1-48087F63FA00}.Release|x86.Build.0 = Release|Any CPU
	EndGlobalSection
	GlobalSection(SolutionProperties) = preSolution
		HideSolutionNode = FALSE
	EndGlobalSection
	GlobalSection(ExtensibilityGlobals) = postSolution
		SolutionGuid = {FF91C063-7A80-4ECC-8B7F-A567887823DB}
	EndGlobalSection
EndGlobal
